// !$*UTF8*$!
{
	archiveVersion = 1;
	classes = {
	};
	objectVersion = 46;
	objects = {

/* Begin PBXBuildFile section */
		418693E9BE14304DBB9EF38B /* libPods.a in Frameworks */ = {isa = PBXBuildFile; fileRef = 38F3138BAD9EF586DB95541E /* libPods.a */; };
		BF5833021C06A2FD00E745D3 /* main.m in Sources */ = {isa = PBXBuildFile; fileRef = BF5833011C06A2FD00E745D3 /* main.m */; };
		BF5833051C06A2FD00E745D3 /* AppDelegate.m in Sources */ = {isa = PBXBuildFile; fileRef = BF5833041C06A2FD00E745D3 /* AppDelegate.m */; };
		BF58330B1C06A2FD00E745D3 /* Main.storyboard in Resources */ = {isa = PBXBuildFile; fileRef = BF5833091C06A2FD00E745D3 /* Main.storyboard */; };
		BF58330D1C06A2FD00E745D3 /* Assets.xcassets in Resources */ = {isa = PBXBuildFile; fileRef = BF58330C1C06A2FD00E745D3 /* Assets.xcassets */; };
		BF5833101C06A2FD00E745D3 /* LaunchScreen.storyboard in Resources */ = {isa = PBXBuildFile; fileRef = BF58330E1C06A2FD00E745D3 /* LaunchScreen.storyboard */; };
		BF58331B1C06A2FD00E745D3 /* UWRongCloudToolTests.m in Sources */ = {isa = PBXBuildFile; fileRef = BF58331A1C06A2FD00E745D3 /* UWRongCloudToolTests.m */; };
		BF5833261C06A2FD00E745D3 /* UWRongCloudToolUITests.m in Sources */ = {isa = PBXBuildFile; fileRef = BF5833251C06A2FD00E745D3 /* UWRongCloudToolUITests.m */; };
		BF5833951C06E1C800E745D3 /* UWHttpTool.m in Sources */ = {isa = PBXBuildFile; fileRef = BF5833941C06E1C800E745D3 /* UWHttpTool.m */; };
		BF5833B11C07FCC800E745D3 /* UWDBManager.m in Sources */ = {isa = PBXBuildFile; fileRef = BF5833AA1C07FCC800E745D3 /* UWDBManager.m */; };
		BF5833B21C07FCC800E745D3 /* UWRongCloudSqlTool.m in Sources */ = {isa = PBXBuildFile; fileRef = BF5833AC1C07FCC800E745D3 /* UWRongCloudSqlTool.m */; };
		BF5833B31C07FCC800E745D3 /* UWRongCloudTool.m in Sources */ = {isa = PBXBuildFile; fileRef = BF5833AE1C07FCC800E745D3 /* UWRongCloudTool.m */; };
		BF5833B41C07FCC800E745D3 /* UWRongCloudUserModel.m in Sources */ = {isa = PBXBuildFile; fileRef = BF5833B01C07FCC800E745D3 /* UWRongCloudUserModel.m */; };
		BF5833BC1C07FD0400E745D3 /* UWChatViewController.m in Sources */ = {isa = PBXBuildFile; fileRef = BF5833B71C07FD0400E745D3 /* UWChatViewController.m */; };
		BF5833BD1C07FD0400E745D3 /* UWConversationListViewController.m in Sources */ = {isa = PBXBuildFile; fileRef = BF5833B91C07FD0400E745D3 /* UWConversationListViewController.m */; };
		BF5833BE1C07FD0400E745D3 /* UWFriendListViewController.m in Sources */ = {isa = PBXBuildFile; fileRef = BF5833BB1C07FD0400E745D3 /* UWFriendListViewController.m */; };
/* End PBXBuildFile section */

/* Begin PBXContainerItemProxy section */
		BF5833171C06A2FD00E745D3 /* PBXContainerItemProxy */ = {
			isa = PBXContainerItemProxy;
			containerPortal = BF5832F51C06A2FD00E745D3 /* Project object */;
			proxyType = 1;
			remoteGlobalIDString = BF5832FC1C06A2FD00E745D3;
			remoteInfo = UWRongCloudTool;
		};
		BF5833221C06A2FD00E745D3 /* PBXContainerItemProxy */ = {
			isa = PBXContainerItemProxy;
			containerPortal = BF5832F51C06A2FD00E745D3 /* Project object */;
			proxyType = 1;
			remoteGlobalIDString = BF5832FC1C06A2FD00E745D3;
			remoteInfo = UWRongCloudTool;
		};
/* End PBXContainerItemProxy section */

/* Begin PBXFileReference section */
		2B706EF6CE6BEA54AC230E5E /* Pods.release.xcconfig */ = {isa = PBXFileReference; includeInIndex = 1; lastKnownFileType = text.xcconfig; name = Pods.release.xcconfig; path = "Pods/Target Support Files/Pods/Pods.release.xcconfig"; sourceTree = "<group>"; };
		38F3138BAD9EF586DB95541E /* libPods.a */ = {isa = PBXFileReference; explicitFileType = archive.ar; includeInIndex = 0; path = libPods.a; sourceTree = BUILT_PRODUCTS_DIR; };
		7C4428B20626B274BE482B33 /* Pods.debug.xcconfig */ = {isa = PBXFileReference; includeInIndex = 1; lastKnownFileType = text.xcconfig; name = Pods.debug.xcconfig; path = "Pods/Target Support Files/Pods/Pods.debug.xcconfig"; sourceTree = "<group>"; };
		BF5832FD1C06A2FD00E745D3 /* UWRongCloudTool.app */ = {isa = PBXFileReference; explicitFileType = wrapper.application; includeInIndex = 0; path = UWRongCloudTool.app; sourceTree = BUILT_PRODUCTS_DIR; };
		BF5833011C06A2FD00E745D3 /* main.m */ = {isa = PBXFileReference; lastKnownFileType = sourcecode.c.objc; path = main.m; sourceTree = "<group>"; };
		BF5833031C06A2FD00E745D3 /* AppDelegate.h */ = {isa = PBXFileReference; lastKnownFileType = sourcecode.c.h; path = AppDelegate.h; sourceTree = "<group>"; };
		BF5833041C06A2FD00E745D3 /* AppDelegate.m */ = {isa = PBXFileReference; lastKnownFileType = sourcecode.c.objc; path = AppDelegate.m; sourceTree = "<group>"; };
		BF58330A1C06A2FD00E745D3 /* Base */ = {isa = PBXFileReference; lastKnownFileType = file.storyboard; name = Base; path = Base.lproj/Main.storyboard; sourceTree = "<group>"; };
		BF58330C1C06A2FD00E745D3 /* Assets.xcassets */ = {isa = PBXFileReference; lastKnownFileType = folder.assetcatalog; path = Assets.xcassets; sourceTree = "<group>"; };
		BF58330F1C06A2FD00E745D3 /* Base */ = {isa = PBXFileReference; lastKnownFileType = file.storyboard; name = Base; path = Base.lproj/LaunchScreen.storyboard; sourceTree = "<group>"; };
		BF5833111C06A2FD00E745D3 /* Info.plist */ = {isa = PBXFileReference; lastKnownFileType = text.plist.xml; path = Info.plist; sourceTree = "<group>"; };
		BF5833161C06A2FD00E745D3 /* UWRongCloudToolTests.xctest */ = {isa = PBXFileReference; explicitFileType = wrapper.cfbundle; includeInIndex = 0; path = UWRongCloudToolTests.xctest; sourceTree = BUILT_PRODUCTS_DIR; };
		BF58331A1C06A2FD00E745D3 /* UWRongCloudToolTests.m */ = {isa = PBXFileReference; lastKnownFileType = sourcecode.c.objc; path = UWRongCloudToolTests.m; sourceTree = "<group>"; };
		BF58331C1C06A2FD00E745D3 /* Info.plist */ = {isa = PBXFileReference; lastKnownFileType = text.plist.xml; path = Info.plist; sourceTree = "<group>"; };
		BF5833211C06A2FD00E745D3 /* UWRongCloudToolUITests.xctest */ = {isa = PBXFileReference; explicitFileType = wrapper.cfbundle; includeInIndex = 0; path = UWRongCloudToolUITests.xctest; sourceTree = BUILT_PRODUCTS_DIR; };
		BF5833251C06A2FD00E745D3 /* UWRongCloudToolUITests.m */ = {isa = PBXFileReference; lastKnownFileType = sourcecode.c.objc; path = UWRongCloudToolUITests.m; sourceTree = "<group>"; };
		BF5833271C06A2FD00E745D3 /* Info.plist */ = {isa = PBXFileReference; lastKnownFileType = text.plist.xml; path = Info.plist; sourceTree = "<group>"; };
		BF5833931C06E1C800E745D3 /* UWHttpTool.h */ = {isa = PBXFileReference; fileEncoding = 4; lastKnownFileType = sourcecode.c.h; path = UWHttpTool.h; sourceTree = "<group>"; };
		BF5833941C06E1C800E745D3 /* UWHttpTool.m */ = {isa = PBXFileReference; fileEncoding = 4; lastKnownFileType = sourcecode.c.objc; path = UWHttpTool.m; sourceTree = "<group>"; };
		BF5833A91C07FCC800E745D3 /* UWDBManager.h */ = {isa = PBXFileReference; fileEncoding = 4; lastKnownFileType = sourcecode.c.h; path = UWDBManager.h; sourceTree = "<group>"; };
		BF5833AA1C07FCC800E745D3 /* UWDBManager.m */ = {isa = PBXFileReference; fileEncoding = 4; lastKnownFileType = sourcecode.c.objc; path = UWDBManager.m; sourceTree = "<group>"; };
		BF5833AB1C07FCC800E745D3 /* UWRongCloudSqlTool.h */ = {isa = PBXFileReference; fileEncoding = 4; lastKnownFileType = sourcecode.c.h; path = UWRongCloudSqlTool.h; sourceTree = "<group>"; };
		BF5833AC1C07FCC800E745D3 /* UWRongCloudSqlTool.m */ = {isa = PBXFileReference; fileEncoding = 4; lastKnownFileType = sourcecode.c.objc; path = UWRongCloudSqlTool.m; sourceTree = "<group>"; };
		BF5833AD1C07FCC800E745D3 /* UWRongCloudTool.h */ = {isa = PBXFileReference; fileEncoding = 4; lastKnownFileType = sourcecode.c.h; path = UWRongCloudTool.h; sourceTree = "<group>"; };
		BF5833AE1C07FCC800E745D3 /* UWRongCloudTool.m */ = {isa = PBXFileReference; fileEncoding = 4; lastKnownFileType = sourcecode.c.objc; path = UWRongCloudTool.m; sourceTree = "<group>"; };
		BF5833AF1C07FCC800E745D3 /* UWRongCloudUserModel.h */ = {isa = PBXFileReference; fileEncoding = 4; lastKnownFileType = sourcecode.c.h; path = UWRongCloudUserModel.h; sourceTree = "<group>"; };
		BF5833B01C07FCC800E745D3 /* UWRongCloudUserModel.m */ = {isa = PBXFileReference; fileEncoding = 4; lastKnownFileType = sourcecode.c.objc; path = UWRongCloudUserModel.m; sourceTree = "<group>"; };
		BF5833B61C07FD0400E745D3 /* UWChatViewController.h */ = {isa = PBXFileReference; fileEncoding = 4; lastKnownFileType = sourcecode.c.h; path = UWChatViewController.h; sourceTree = "<group>"; };
		BF5833B71C07FD0400E745D3 /* UWChatViewController.m */ = {isa = PBXFileReference; fileEncoding = 4; lastKnownFileType = sourcecode.c.objc; path = UWChatViewController.m; sourceTree = "<group>"; };
		BF5833B81C07FD0400E745D3 /* UWConversationListViewController.h */ = {isa = PBXFileReference; fileEncoding = 4; lastKnownFileType = sourcecode.c.h; path = UWConversationListViewController.h; sourceTree = "<group>"; };
		BF5833B91C07FD0400E745D3 /* UWConversationListViewController.m */ = {isa = PBXFileReference; fileEncoding = 4; lastKnownFileType = sourcecode.c.objc; path = UWConversationListViewController.m; sourceTree = "<group>"; };
		BF5833BA1C07FD0400E745D3 /* UWFriendListViewController.h */ = {isa = PBXFileReference; fileEncoding = 4; lastKnownFileType = sourcecode.c.h; path = UWFriendListViewController.h; sourceTree = "<group>"; };
		BF5833BB1C07FD0400E745D3 /* UWFriendListViewController.m */ = {isa = PBXFileReference; fileEncoding = 4; lastKnownFileType = sourcecode.c.objc; path = UWFriendListViewController.m; sourceTree = "<group>"; };
/* End PBXFileReference section */

/* Begin PBXFrameworksBuildPhase section */
		BF5832FA1C06A2FD00E745D3 /* Frameworks */ = {
			isa = PBXFrameworksBuildPhase;
			buildActionMask = 2147483647;
			files = (
				418693E9BE14304DBB9EF38B /* libPods.a in Frameworks */,
			);
			runOnlyForDeploymentPostprocessing = 0;
		};
		BF5833131C06A2FD00E745D3 /* Frameworks */ = {
			isa = PBXFrameworksBuildPhase;
			buildActionMask = 2147483647;
			files = (
			);
			runOnlyForDeploymentPostprocessing = 0;
		};
		BF58331E1C06A2FD00E745D3 /* Frameworks */ = {
			isa = PBXFrameworksBuildPhase;
			buildActionMask = 2147483647;
			files = (
			);
			runOnlyForDeploymentPostprocessing = 0;
		};
/* End PBXFrameworksBuildPhase section */

/* Begin PBXGroup section */
		59BA66CDFB030ED9D2E2D4FF /* Frameworks */ = {
			isa = PBXGroup;
			children = (
				38F3138BAD9EF586DB95541E /* libPods.a */,
			);
			name = Frameworks;
			sourceTree = "<group>";
		};
		BF5832F41C06A2FD00E745D3 = {
			isa = PBXGroup;
			children = (
				BF5832FF1C06A2FD00E745D3 /* UWRongCloudTool */,
				BF5833191C06A2FD00E745D3 /* UWRongCloudToolTests */,
				BF5833241C06A2FD00E745D3 /* UWRongCloudToolUITests */,
				BF5832FE1C06A2FD00E745D3 /* Products */,
				D23B8501262C59E38830232D /* Pods */,
				59BA66CDFB030ED9D2E2D4FF /* Frameworks */,
			);
			sourceTree = "<group>";
		};
		BF5832FE1C06A2FD00E745D3 /* Products */ = {
			isa = PBXGroup;
			children = (
				BF5832FD1C06A2FD00E745D3 /* UWRongCloudTool.app */,
				BF5833161C06A2FD00E745D3 /* UWRongCloudToolTests.xctest */,
				BF5833211C06A2FD00E745D3 /* UWRongCloudToolUITests.xctest */,
			);
			name = Products;
			sourceTree = "<group>";
		};
		BF5832FF1C06A2FD00E745D3 /* UWRongCloudTool */ = {
			isa = PBXGroup;
			children = (
				BF5833B51C07FD0400E745D3 /* UWRongCloudVC */,
				BF5833A81C07FCC800E745D3 /* UWRongCloudTool */,
				BF5833931C06E1C800E745D3 /* UWHttpTool.h */,
				BF5833941C06E1C800E745D3 /* UWHttpTool.m */,
				BF5833031C06A2FD00E745D3 /* AppDelegate.h */,
				BF5833041C06A2FD00E745D3 /* AppDelegate.m */,
				BF5833091C06A2FD00E745D3 /* Main.storyboard */,
				BF58330C1C06A2FD00E745D3 /* Assets.xcassets */,
				BF58330E1C06A2FD00E745D3 /* LaunchScreen.storyboard */,
				BF5833111C06A2FD00E745D3 /* Info.plist */,
				BF5833001C06A2FD00E745D3 /* Supporting Files */,
			);
			path = UWRongCloudTool;
			sourceTree = "<group>";
		};
		BF5833001C06A2FD00E745D3 /* Supporting Files */ = {
			isa = PBXGroup;
			children = (
				BF5833011C06A2FD00E745D3 /* main.m */,
			);
			name = "Supporting Files";
			sourceTree = "<group>";
		};
		BF5833191C06A2FD00E745D3 /* UWRongCloudToolTests */ = {
			isa = PBXGroup;
			children = (
				BF58331A1C06A2FD00E745D3 /* UWRongCloudToolTests.m */,
				BF58331C1C06A2FD00E745D3 /* Info.plist */,
			);
			path = UWRongCloudToolTests;
			sourceTree = "<group>";
		};
		BF5833241C06A2FD00E745D3 /* UWRongCloudToolUITests */ = {
			isa = PBXGroup;
			children = (
				BF5833251C06A2FD00E745D3 /* UWRongCloudToolUITests.m */,
				BF5833271C06A2FD00E745D3 /* Info.plist */,
			);
			path = UWRongCloudToolUITests;
			sourceTree = "<group>";
		};
		BF5833A81C07FCC800E745D3 /* UWRongCloudTool */ = {
			isa = PBXGroup;
			children = (
				BF5833A91C07FCC800E745D3 /* UWDBManager.h */,
				BF5833AA1C07FCC800E745D3 /* UWDBManager.m */,
				BF5833AB1C07FCC800E745D3 /* UWRongCloudSqlTool.h */,
				BF5833AC1C07FCC800E745D3 /* UWRongCloudSqlTool.m */,
				BF5833AD1C07FCC800E745D3 /* UWRongCloudTool.h */,
				BF5833AE1C07FCC800E745D3 /* UWRongCloudTool.m */,
				BF5833AF1C07FCC800E745D3 /* UWRongCloudUserModel.h */,
				BF5833B01C07FCC800E745D3 /* UWRongCloudUserModel.m */,
			);
			path = UWRongCloudTool;
			sourceTree = "<group>";
		};
		BF5833B51C07FD0400E745D3 /* UWRongCloudVC */ = {
			isa = PBXGroup;
			children = (
				BF5833B61C07FD0400E745D3 /* UWChatViewController.h */,
				BF5833B71C07FD0400E745D3 /* UWChatViewController.m */,
				BF5833B81C07FD0400E745D3 /* UWConversationListViewController.h */,
				BF5833B91C07FD0400E745D3 /* UWConversationListViewController.m */,
				BF5833BA1C07FD0400E745D3 /* UWFriendListViewController.h */,
				BF5833BB1C07FD0400E745D3 /* UWFriendListViewController.m */,
			);
			path = UWRongCloudVC;
			sourceTree = "<group>";
		};
		D23B8501262C59E38830232D /* Pods */ = {
			isa = PBXGroup;
			children = (
				7C4428B20626B274BE482B33 /* Pods.debug.xcconfig */,
				2B706EF6CE6BEA54AC230E5E /* Pods.release.xcconfig */,
			);
			name = Pods;
			sourceTree = "<group>";
		};
/* End PBXGroup section */

/* Begin PBXNativeTarget section */
		BF5832FC1C06A2FD00E745D3 /* UWRongCloudTool */ = {
			isa = PBXNativeTarget;
			buildConfigurationList = BF58332A1C06A2FD00E745D3 /* Build configuration list for PBXNativeTarget "UWRongCloudTool" */;
			buildPhases = (
				61CDA13B8DD085D5AAFA4A6E /* Check Pods Manifest.lock */,
				BF5832F91C06A2FD00E745D3 /* Sources */,
				BF5832FA1C06A2FD00E745D3 /* Frameworks */,
				BF5832FB1C06A2FD00E745D3 /* Resources */,
				F68F116CBE119F28167DA9F0 /* Copy Pods Resources */,
			);
			buildRules = (
			);
			dependencies = (
			);
			name = UWRongCloudTool;
			productName = UWRongCloudTool;
			productReference = BF5832FD1C06A2FD00E745D3 /* UWRongCloudTool.app */;
			productType = "com.apple.product-type.application";
		};
		BF5833151C06A2FD00E745D3 /* UWRongCloudToolTests */ = {
			isa = PBXNativeTarget;
			buildConfigurationList = BF58332D1C06A2FD00E745D3 /* Build configuration list for PBXNativeTarget "UWRongCloudToolTests" */;
			buildPhases = (
				BF5833121C06A2FD00E745D3 /* Sources */,
				BF5833131C06A2FD00E745D3 /* Frameworks */,
				BF5833141C06A2FD00E745D3 /* Resources */,
			);
			buildRules = (
			);
			dependencies = (
				BF5833181C06A2FD00E745D3 /* PBXTargetDependency */,
			);
			name = UWRongCloudToolTests;
			productName = UWRongCloudToolTests;
			productReference = BF5833161C06A2FD00E745D3 /* UWRongCloudToolTests.xctest */;
			productType = "com.apple.product-type.bundle.unit-test";
		};
		BF5833201C06A2FD00E745D3 /* UWRongCloudToolUITests */ = {
			isa = PBXNativeTarget;
			buildConfigurationList = BF5833301C06A2FD00E745D3 /* Build configuration list for PBXNativeTarget "UWRongCloudToolUITests" */;
			buildPhases = (
				BF58331D1C06A2FD00E745D3 /* Sources */,
				BF58331E1C06A2FD00E745D3 /* Frameworks */,
				BF58331F1C06A2FD00E745D3 /* Resources */,
			);
			buildRules = (
			);
			dependencies = (
				BF5833231C06A2FD00E745D3 /* PBXTargetDependency */,
			);
			name = UWRongCloudToolUITests;
			productName = UWRongCloudToolUITests;
			productReference = BF5833211C06A2FD00E745D3 /* UWRongCloudToolUITests.xctest */;
			productType = "com.apple.product-type.bundle.ui-testing";
		};
/* End PBXNativeTarget section */

/* Begin PBXProject section */
		BF5832F51C06A2FD00E745D3 /* Project object */ = {
			isa = PBXProject;
			attributes = {
				CLASSPREFIX = UW;
				LastUpgradeCheck = 0710;
				ORGANIZATIONNAME = Sheldon;
				TargetAttributes = {
					BF5832FC1C06A2FD00E745D3 = {
						CreatedOnToolsVersion = 7.1;
						DevelopmentTeam = UGV2KHLL39;
					};
					BF5833151C06A2FD00E745D3 = {
						CreatedOnToolsVersion = 7.1;
						TestTargetID = BF5832FC1C06A2FD00E745D3;
					};
					BF5833201C06A2FD00E745D3 = {
						CreatedOnToolsVersion = 7.1;
						TestTargetID = BF5832FC1C06A2FD00E745D3;
					};
				};
			};
			buildConfigurationList = BF5832F81C06A2FD00E745D3 /* Build configuration list for PBXProject "UWRongCloudTool" */;
			compatibilityVersion = "Xcode 3.2";
			developmentRegion = English;
			hasScannedForEncodings = 0;
			knownRegions = (
				en,
				Base,
			);
			mainGroup = BF5832F41C06A2FD00E745D3;
			productRefGroup = BF5832FE1C06A2FD00E745D3 /* Products */;
			projectDirPath = "";
			projectRoot = "";
			targets = (
				BF5832FC1C06A2FD00E745D3 /* UWRongCloudTool */,
				BF5833151C06A2FD00E745D3 /* UWRongCloudToolTests */,
				BF5833201C06A2FD00E745D3 /* UWRongCloudToolUITests */,
			);
		};
/* End PBXProject section */

/* Begin PBXResourcesBuildPhase section */
		BF5832FB1C06A2FD00E745D3 /* Resources */ = {
			isa = PBXResourcesBuildPhase;
			buildActionMask = 2147483647;
			files = (
				BF5833101C06A2FD00E745D3 /* LaunchScreen.storyboard in Resources */,
				BF58330D1C06A2FD00E745D3 /* Assets.xcassets in Resources */,
				BF58330B1C06A2FD00E745D3 /* Main.storyboard in Resources */,
			);
			runOnlyForDeploymentPostprocessing = 0;
		};
		BF5833141C06A2FD00E745D3 /* Resources */ = {
			isa = PBXResourcesBuildPhase;
			buildActionMask = 2147483647;
			files = (
			);
			runOnlyForDeploymentPostprocessing = 0;
		};
		BF58331F1C06A2FD00E745D3 /* Resources */ = {
			isa = PBXResourcesBuildPhase;
			buildActionMask = 2147483647;
			files = (
			);
			runOnlyForDeploymentPostprocessing = 0;
		};
/* End PBXResourcesBuildPhase section */

/* Begin PBXShellScriptBuildPhase section */
		61CDA13B8DD085D5AAFA4A6E /* Check Pods Manifest.lock */ = {
			isa = PBXShellScriptBuildPhase;
			buildActionMask = 2147483647;
			files = (
			);
			inputPaths = (
			);
			name = "Check Pods Manifest.lock";
			outputPaths = (
			);
			runOnlyForDeploymentPostprocessing = 0;
			shellPath = /bin/sh;
			shellScript = "diff \"${PODS_ROOT}/../Podfile.lock\" \"${PODS_ROOT}/Manifest.lock\" > /dev/null\nif [[ $? != 0 ]] ; then\n    cat << EOM\nerror: The sandbox is not in sync with the Podfile.lock. Run 'pod install' or update your CocoaPods installation.\nEOM\n    exit 1\nfi\n";
			showEnvVarsInLog = 0;
		};
		F68F116CBE119F28167DA9F0 /* Copy Pods Resources */ = {
			isa = PBXShellScriptBuildPhase;
			buildActionMask = 2147483647;
			files = (
			);
			inputPaths = (
			);
			name = "Copy Pods Resources";
			outputPaths = (
			);
			runOnlyForDeploymentPostprocessing = 0;
			shellPath = /bin/sh;
			shellScript = "\"${SRCROOT}/Pods/Target Support Files/Pods/Pods-resources.sh\"\n";
			showEnvVarsInLog = 0;
		};
/* End PBXShellScriptBuildPhase section */

/* Begin PBXSourcesBuildPhase section */
		BF5832F91C06A2FD00E745D3 /* Sources */ = {
			isa = PBXSourcesBuildPhase;
			buildActionMask = 2147483647;
			files = (
				BF5833051C06A2FD00E745D3 /* AppDelegate.m in Sources */,
				BF5833BE1C07FD0400E745D3 /* UWFriendListViewController.m in Sources */,
				BF5833B11C07FCC800E745D3 /* UWDBManager.m in Sources */,
				BF5833951C06E1C800E745D3 /* UWHttpTool.m in Sources */,
				BF5833B41C07FCC800E745D3 /* UWRongCloudUserModel.m in Sources */,
				BF5833BC1C07FD0400E745D3 /* UWChatViewController.m in Sources */,
				BF5833B21C07FCC800E745D3 /* UWRongCloudSqlTool.m in Sources */,
				BF5833021C06A2FD00E745D3 /* main.m in Sources */,
				BF5833B31C07FCC800E745D3 /* UWRongCloudTool.m in Sources */,
				BF5833BD1C07FD0400E745D3 /* UWConversationListViewController.m in Sources */,
			);
			runOnlyForDeploymentPostprocessing = 0;
		};
		BF5833121C06A2FD00E745D3 /* Sources */ = {
			isa = PBXSourcesBuildPhase;
			buildActionMask = 2147483647;
			files = (
				BF58331B1C06A2FD00E745D3 /* UWRongCloudToolTests.m in Sources */,
			);
			runOnlyForDeploymentPostprocessing = 0;
		};
		BF58331D1C06A2FD00E745D3 /* Sources */ = {
			isa = PBXSourcesBuildPhase;
			buildActionMask = 2147483647;
			files = (
				BF5833261C06A2FD00E745D3 /* UWRongCloudToolUITests.m in Sources */,
			);
			runOnlyForDeploymentPostprocessing = 0;
		};
/* End PBXSourcesBuildPhase section */

/* Begin PBXTargetDependency section */
		BF5833181C06A2FD00E745D3 /* PBXTargetDependency */ = {
			isa = PBXTargetDependency;
			target = BF5832FC1C06A2FD00E745D3 /* UWRongCloudTool */;
			targetProxy = BF5833171C06A2FD00E745D3 /* PBXContainerItemProxy */;
		};
		BF5833231C06A2FD00E745D3 /* PBXTargetDependency */ = {
			isa = PBXTargetDependency;
			target = BF5832FC1C06A2FD00E745D3 /* UWRongCloudTool */;
			targetProxy = BF5833221C06A2FD00E745D3 /* PBXContainerItemProxy */;
		};
/* End PBXTargetDependency section */

/* Begin PBXVariantGroup section */
		BF5833091C06A2FD00E745D3 /* Main.storyboard */ = {
			isa = PBXVariantGroup;
			children = (
				BF58330A1C06A2FD00E745D3 /* Base */,
			);
			name = Main.storyboard;
			sourceTree = "<group>";
		};
		BF58330E1C06A2FD00E745D3 /* LaunchScreen.storyboard */ = {
			isa = PBXVariantGroup;
			children = (
				BF58330F1C06A2FD00E745D3 /* Base */,
			);
			name = LaunchScreen.storyboard;
			sourceTree = "<group>";
		};
/* End PBXVariantGroup section */

/* Begin XCBuildConfiguration section */
		BF5833281C06A2FD00E745D3 /* Debug */ = {
			isa = XCBuildConfiguration;
			buildSettings = {
				ALWAYS_SEARCH_USER_PATHS = NO;
				CLANG_CXX_LANGUAGE_STANDARD = "gnu++0x";
				CLANG_CXX_LIBRARY = "libc++";
				CLANG_ENABLE_MODULES = YES;
				CLANG_ENABLE_OBJC_ARC = YES;
				CLANG_WARN_BOOL_CONVERSION = YES;
				CLANG_WARN_CONSTANT_CONVERSION = YES;
				CLANG_WARN_DIRECT_OBJC_ISA_USAGE = YES_ERROR;
				CLANG_WARN_EMPTY_BODY = YES;
				CLANG_WARN_ENUM_CONVERSION = YES;
				CLANG_WARN_INT_CONVERSION = YES;
				CLANG_WARN_OBJC_ROOT_CLASS = YES_ERROR;
				CLANG_WARN_UNREACHABLE_CODE = YES;
				CLANG_WARN__DUPLICATE_METHOD_MATCH = YES;
				"CODE_SIGN_IDENTITY[sdk=iphoneos*]" = "iPhone Developer";
				COPY_PHASE_STRIP = NO;
				DEBUG_INFORMATION_FORMAT = dwarf;
				ENABLE_STRICT_OBJC_MSGSEND = YES;
				ENABLE_TESTABILITY = YES;
				GCC_C_LANGUAGE_STANDARD = gnu99;
				GCC_DYNAMIC_NO_PIC = NO;
				GCC_NO_COMMON_BLOCKS = YES;
				GCC_OPTIMIZATION_LEVEL = 0;
				GCC_PREPROCESSOR_DEFINITIONS = (
					"DEBUG=1",
					"$(inherited)",
				);
				GCC_WARN_64_TO_32_BIT_CONVERSION = YES;
				GCC_WARN_ABOUT_RETURN_TYPE = YES_ERROR;
				GCC_WARN_UNDECLARED_SELECTOR = YES;
				GCC_WARN_UNINITIALIZED_AUTOS = YES_AGGRESSIVE;
				GCC_WARN_UNUSED_FUNCTION = YES;
				GCC_WARN_UNUSED_VARIABLE = YES;
				IPHONEOS_DEPLOYMENT_TARGET = 9.1;
				MTL_ENABLE_DEBUG_INFO = YES;
				ONLY_ACTIVE_ARCH = YES;
				SDKROOT = iphoneos;
			};
			name = Debug;
		};
		BF5833291C06A2FD00E745D3 /* Release */ = {
			isa = XCBuildConfiguration;
			buildSettings = {
				ALWAYS_SEARCH_USER_PATHS = NO;
				CLANG_CXX_LANGUAGE_STANDARD = "gnu++0x";
				CLANG_CXX_LIBRARY = "libc++";
				CLANG_ENABLE_MODULES = YES;
				CLANG_ENABLE_OBJC_ARC = YES;
				CLANG_WARN_BOOL_CONVERSION = YES;
				CLANG_WARN_CONSTANT_CONVERSION = YES;
				CLANG_WARN_DIRECT_OBJC_ISA_USAGE = YES_ERROR;
				CLANG_WARN_EMPTY_BODY = YES;
				CLANG_WARN_ENUM_CONVERSION = YES;
				CLANG_WARN_INT_CONVERSION = YES;
				CLANG_WARN_OBJC_ROOT_CLASS = YES_ERROR;
				CLANG_WARN_UNREACHABLE_CODE = YES;
				CLANG_WARN__DUPLICATE_METHOD_MATCH = YES;
				"CODE_SIGN_IDENTITY[sdk=iphoneos*]" = "iPhone Developer";
				COPY_PHASE_STRIP = NO;
				DEBUG_INFORMATION_FORMAT = "dwarf-with-dsym";
				ENABLE_NS_ASSERTIONS = NO;
				ENABLE_STRICT_OBJC_MSGSEND = YES;
				GCC_C_LANGUAGE_STANDARD = gnu99;
				GCC_NO_COMMON_BLOCKS = YES;
				GCC_WARN_64_TO_32_BIT_CONVERSION = YES;
				GCC_WARN_ABOUT_RETURN_TYPE = YES_ERROR;
				GCC_WARN_UNDECLARED_SELECTOR = YES;
				GCC_WARN_UNINITIALIZED_AUTOS = YES_AGGRESSIVE;
				GCC_WARN_UNUSED_FUNCTION = YES;
				GCC_WARN_UNUSED_VARIABLE = YES;
				IPHONEOS_DEPLOYMENT_TARGET = 9.1;
				MTL_ENABLE_DEBUG_INFO = NO;
				SDKROOT = iphoneos;
				VALIDATE_PRODUCT = YES;
			};
			name = Release;
		};
		BF58332B1C06A2FD00E745D3 /* Debug */ = {
			isa = XCBuildConfiguration;
			baseConfigurationReference = 7C4428B20626B274BE482B33 /* Pods.debug.xcconfig */;
			buildSettings = {
				ASSETCATALOG_COMPILER_APPICON_NAME = AppIcon;
				CODE_SIGN_IDENTITY = "iPhone Developer";
				INFOPLIST_FILE = UWRongCloudTool/Info.plist;
				IPHONEOS_DEPLOYMENT_TARGET = 8.0;
				LD_RUNPATH_SEARCH_PATHS = "$(inherited) @executable_path/Frameworks";
				PRODUCT_BUNDLE_IDENTIFIER = com.uworks.UWRongCloudTool;
				PRODUCT_NAME = "$(TARGET_NAME)";
			};
			name = Debug;
		};
		BF58332C1C06A2FD00E745D3 /* Release */ = {
			isa = XCBuildConfiguration;
			baseConfigurationReference = 2B706EF6CE6BEA54AC230E5E /* Pods.release.xcconfig */;
			buildSettings = {
				ASSETCATALOG_COMPILER_APPICON_NAME = AppIcon;
				CODE_SIGN_IDENTITY = "iPhone Developer";
				INFOPLIST_FILE = UWRongCloudTool/Info.plist;
				IPHONEOS_DEPLOYMENT_TARGET = 8.0;
				LD_RUNPATH_SEARCH_PATHS = "$(inherited) @executable_path/Frameworks";
				PRODUCT_BUNDLE_IDENTIFIER = com.uworks.UWRongCloudTool;
				PRODUCT_NAME = "$(TARGET_NAME)";
			};
			name = Release;
		};
		BF58332E1C06A2FD00E745D3 /* Debug */ = {
			isa = XCBuildConfiguration;
			buildSettings = {
				BUNDLE_LOADER = "$(TEST_HOST)";
				INFOPLIST_FILE = UWRongCloudToolTests/Info.plist;
				LD_RUNPATH_SEARCH_PATHS = "$(inherited) @executable_path/Frameworks @loader_path/Frameworks";
				PRODUCT_BUNDLE_IDENTIFIER = com.uworks.UWRongCloudToolTests;
				PRODUCT_NAME = "$(TARGET_NAME)";
				TEST_HOST = "$(BUILT_PRODUCTS_DIR)/UWRongCloudTool.app/UWRongCloudTool";
			};
			name = Debug;
		};
		BF58332F1C06A2FD00E745D3 /* Release */ = {
			isa = XCBuildConfiguration;
			buildSettings = {
				BUNDLE_LOADER = "$(TEST_HOST)";
				INFOPLIST_FILE = UWRongCloudToolTests/Info.plist;
				LD_RUNPATH_SEARCH_PATHS = "$(inherited) @executable_path/Frameworks @loader_path/Frameworks";
				PRODUCT_BUNDLE_IDENTIFIER = com.uworks.UWRongCloudToolTests;
				PRODUCT_NAME = "$(TARGET_NAME)";
				TEST_HOST = "$(BUILT_PRODUCTS_DIR)/UWRongCloudTool.app/UWRongCloudTool";
			};
			name = Release;
		};
		BF5833311C06A2FD00E745D3 /* Debug */ = {
			isa = XCBuildConfiguration;
			buildSettings = {
				INFOPLIST_FILE = UWRongCloudToolUITests/Info.plist;
				LD_RUNPATH_SEARCH_PATHS = "$(inherited) @executable_path/Frameworks @loader_path/Frameworks";
				PRODUCT_BUNDLE_IDENTIFIER = com.uworks.UWRongCloudToolUITests;
				PRODUCT_NAME = "$(TARGET_NAME)";
				TEST_TARGET_NAME = UWRongCloudTool;
				USES_XCTRUNNER = YES;
			};
			name = Debug;
		};
		BF5833321C06A2FD00E745D3 /* Release */ = {
			isa = XCBuildConfiguration;
			buildSettings = {
				INFOPLIST_FILE = UWRongCloudToolUITests/Info.plist;
				LD_RUNPATH_SEARCH_PATHS = "$(inherited) @executable_path/Frameworks @loader_path/Frameworks";
				PRODUCT_BUNDLE_IDENTIFIER = com.uworks.UWRongCloudToolUITests;
				PRODUCT_NAME = "$(TARGET_NAME)";
				TEST_TARGET_NAME = UWRongCloudTool;
				USES_XCTRUNNER = YES;
			};
			name = Release;
		};
/* End XCBuildConfiguration section */

/* Begin XCConfigurationList section */
		BF5832F81C06A2FD00E745D3 /* Build configuration list for PBXProject "UWRongCloudTool" */ = {
			isa = XCConfigurationList;
			buildConfigurations = (
				BF5833281C06A2FD00E745D3 /* Debug */,
				BF5833291C06A2FD00E745D3 /* Release */,
			);
			defaultConfigurationIsVisible = 0;
			defaultConfigurationName = Release;
		};
		BF58332A1C06A2FD00E745D3 /* Build configuration list for PBXNativeTarget "UWRongCloudTool" */ = {
			isa = XCConfigurationList;
			buildConfigurations = (
				BF58332B1C06A2FD00E745D3 /* Debug */,
				BF58332C1C06A2FD00E745D3 /* Release */,
			);
			defaultConfigurationIsVisible = 0;
			defaultConfigurationName = Release;
		};
		BF58332D1C06A2FD00E745D3 /* Build configuration list for PBXNativeTarget "UWRongCloudToolTests" */ = {
			isa = XCConfigurationList;
			buildConfigurations = (
				BF58332E1C06A2FD00E745D3 /* Debug */,
				BF58332F1C06A2FD00E745D3 /* Release */,
			);
			defaultConfigurationIsVisible = 0;
			defaultConfigurationName = Release;
		};
		BF5833301C06A2FD00E745D3 /* Build configuration list for PBXNativeTarget "UWRongCloudToolUITests" */ = {
			isa = XCConfigurationList;
			buildConfigurations = (
				BF5833311C06A2FD00E745D3 /* Debug */,
				BF5833321C06A2FD00E745D3 /* Release */,
			);
			defaultConfigurationIsVisible = 0;
			defaultConfigurationName = Release;
		};
/* End XCConfigurationList section */
	};
	rootObject = BF5832F51C06A2FD00E745D3 /* Project object */;
}
